
Microsoft Visual Studio Solution File, Format Version 12.00
# Visual Studio Version 17
VisualStudioVersion = 17.5.33530.505
MinimumVisualStudioVersion = 10.0.40219.1
Project("{9A19103F-16F7-4668-BE54-9A1E7A4F7556}") = "AR", "11\AR.csproj", "{E0F65701-7411-46DD-8EE5-078B7516C212}"
EndProject
Global
	GlobalSection(SolutionConfigurationPlatforms) = preSolution
		Debug|Any CPU = Debug|Any CPU
		Release|Any CPU = Release|Any CPU
	EndGlobalSection
	GlobalSection(ProjectConfigurationPlatforms) = postSolution
		{E0F65701-7411-46DD-8EE5-078B7516C212}.Debug|Any CPU.ActiveCfg = Debug|Any CPU
		{E0F65701-7411-46DD-8EE5-078B7516C212}.Debug|Any CPU.Build.0 = Debug|Any CPU
		{E0F65701-7411-46DD-8EE5-078B7516C212}.Release|Any CPU.ActiveCfg = Release|Any CPU
		{E0F65701-7411-46DD-8EE5-078B7516C212}.Release|Any CPU.Build.0 = Release|Any CPU
	EndGlobalSection
	GlobalSection(SolutionProperties) = preSolution
		HideSolutionNode = FALSE
	EndGlobalSection
	GlobalSection(ExtensibilityGlobals) = postSolution
		SolutionGuid = {5F5BD89F-0B67-44EB-953C-4878F616D05C}
	EndGlobalSection
EndGlobal
